// !$*UTF8*$!
{
	archiveVersion = 1;
	classes = {
	};
	objectVersion = 46;
	objects = {

/* Begin PBXBuildFile section */
		33F691091EB7FB2400FF3890 /* AppDelegate.swift in Sources */ = {isa = PBXBuildFile; fileRef = 33F691081EB7FB2400FF3890 /* AppDelegate.swift */; };
		33F6910D1EB7FB2400FF3890 /* SecondViewController.swift in Sources */ = {isa = PBXBuildFile; fileRef = 33F6910C1EB7FB2400FF3890 /* SecondViewController.swift */; };
		33F691101EB7FB2400FF3890 /* Main.storyboard in Resources */ = {isa = PBXBuildFile; fileRef = 33F6910E1EB7FB2400FF3890 /* Main.storyboard */; };
		33F691121EB7FB2400FF3890 /* Assets.xcassets in Resources */ = {isa = PBXBuildFile; fileRef = 33F691111EB7FB2400FF3890 /* Assets.xcassets */; };
		33F691151EB7FB2400FF3890 /* LaunchScreen.storyboard in Resources */ = {isa = PBXBuildFile; fileRef = 33F691131EB7FB2400FF3890 /* LaunchScreen.storyboard */; };
		33F6911D1EB8188400FF3890 /* EventsViewController.swift in Sources */ = {isa = PBXBuildFile; fileRef = 33F6911C1EB8188400FF3890 /* EventsViewController.swift */; };
		33F691221EB81F0900FF3890 /* DraggableView.swift in Sources */ = {isa = PBXBuildFile; fileRef = 33F691211EB81F0900FF3890 /* DraggableView.swift */; };
		33F691241EB81F1D00FF3890 /* OverlayView.swift in Sources */ = {isa = PBXBuildFile; fileRef = 33F691231EB81F1D00FF3890 /* OverlayView.swift */; };
		33F691271EB81F9B00FF3890 /* DraggableViewDelegate.swift in Sources */ = {isa = PBXBuildFile; fileRef = 33F691261EB81F9B00FF3890 /* DraggableViewDelegate.swift */; };
		33F691291EB8275400FF3890 /* CardView.swift in Sources */ = {isa = PBXBuildFile; fileRef = 33F691281EB8275400FF3890 /* CardView.swift */; };
		33F6912E1EB8284F00FF3890 /* saveButton.png in Resources */ = {isa = PBXBuildFile; fileRef = 33F6912D1EB8284F00FF3890 /* saveButton.png */; };
		33F691301EB8285800FF3890 /* dismissButton.png in Resources */ = {isa = PBXBuildFile; fileRef = 33F6912F1EB8285800FF3890 /* dismissButton.png */; };
		33FCB6ED1EC15CB1002704A2 /* Event.swift in Sources */ = {isa = PBXBuildFile; fileRef = 33FCB6EC1EC15CB1002704A2 /* Event.swift */; };
/* End PBXBuildFile section */

/* Begin PBXFileReference section */
		33F691051EB7FB2400FF3890 /* Event Swipe.app */ = {isa = PBXFileReference; explicitFileType = wrapper.application; includeInIndex = 0; path = "Event Swipe.app"; sourceTree = BUILT_PRODUCTS_DIR; };
		33F691081EB7FB2400FF3890 /* AppDelegate.swift */ = {isa = PBXFileReference; lastKnownFileType = sourcecode.swift; path = AppDelegate.swift; sourceTree = "<group>"; };
		33F6910C1EB7FB2400FF3890 /* SecondViewController.swift */ = {isa = PBXFileReference; lastKnownFileType = sourcecode.swift; path = SecondViewController.swift; sourceTree = "<group>"; };
		33F6910F1EB7FB2400FF3890 /* Base */ = {isa = PBXFileReference; lastKnownFileType = file.storyboard; name = Base; path = Base.lproj/Main.storyboard; sourceTree = "<group>"; };
		33F691111EB7FB2400FF3890 /* Assets.xcassets */ = {isa = PBXFileReference; lastKnownFileType = folder.assetcatalog; path = Assets.xcassets; sourceTree = "<group>"; };
		33F691141EB7FB2400FF3890 /* Base */ = {isa = PBXFileReference; lastKnownFileType = file.storyboard; name = Base; path = Base.lproj/LaunchScreen.storyboard; sourceTree = "<group>"; };
		33F691161EB7FB2400FF3890 /* Info.plist */ = {isa = PBXFileReference; lastKnownFileType = text.plist.xml; path = Info.plist; sourceTree = "<group>"; };
		33F6911C1EB8188400FF3890 /* EventsViewController.swift */ = {isa = PBXFileReference; fileEncoding = 4; lastKnownFileType = sourcecode.swift; path = EventsViewController.swift; sourceTree = "<group>"; };
		33F691211EB81F0900FF3890 /* DraggableView.swift */ = {isa = PBXFileReference; fileEncoding = 4; lastKnownFileType = sourcecode.swift; path = DraggableView.swift; sourceTree = "<group>"; };
		33F691231EB81F1D00FF3890 /* OverlayView.swift */ = {isa = PBXFileReference; fileEncoding = 4; lastKnownFileType = sourcecode.swift; path = OverlayView.swift; sourceTree = "<group>"; };
		33F691261EB81F9B00FF3890 /* DraggableViewDelegate.swift */ = {isa = PBXFileReference; fileEncoding = 4; lastKnownFileType = sourcecode.swift; path = DraggableViewDelegate.swift; sourceTree = "<group>"; };
		33F691281EB8275400FF3890 /* CardView.swift */ = {isa = PBXFileReference; fileEncoding = 4; lastKnownFileType = sourcecode.swift; path = CardView.swift; sourceTree = "<group>"; };
		33F6912D1EB8284F00FF3890 /* saveButton.png */ = {isa = PBXFileReference; lastKnownFileType = image.png; path = saveButton.png; sourceTree = "<group>"; };
		33F6912F1EB8285800FF3890 /* dismissButton.png */ = {isa = PBXFileReference; lastKnownFileType = image.png; path = dismissButton.png; sourceTree = "<group>"; };
		33FCB6EC1EC15CB1002704A2 /* Event.swift */ = {isa = PBXFileReference; fileEncoding = 4; lastKnownFileType = sourcecode.swift; path = Event.swift; sourceTree = "<group>"; };
/* End PBXFileReference section */

/* Begin PBXFrameworksBuildPhase section */
		33F691021EB7FB2400FF3890 /* Frameworks */ = {
			isa = PBXFrameworksBuildPhase;
			buildActionMask = 2147483647;
			files = (
			);
			runOnlyForDeploymentPostprocessing = 0;
		};
/* End PBXFrameworksBuildPhase section */

/* Begin PBXGroup section */
		33F690FC1EB7FB2400FF3890 = {
			isa = PBXGroup;
			children = (
				33F691071EB7FB2400FF3890 /* Event Swipe */,
				33F691061EB7FB2400FF3890 /* Products */,
			);
			sourceTree = "<group>";
		};
		33F691061EB7FB2400FF3890 /* Products */ = {
			isa = PBXGroup;
			children = (
				33F691051EB7FB2400FF3890 /* Event Swipe.app */,
			);
			name = Products;
			sourceTree = "<group>";
		};
		33F691071EB7FB2400FF3890 /* Event Swipe */ = {
			isa = PBXGroup;
			children = (
				33F6912A1EB8283600FF3890 /* Media */,
				33F691251EB81F7F00FF3890 /* Delegates */,
				33F691201EB81E8600FF3890 /* Views */,
				33F6911F1EB8189300FF3890 /* Models */,
				33F6911E1EB8188A00FF3890 /* View Controllers */,
				33F691081EB7FB2400FF3890 /* AppDelegate.swift */,
				33F6910C1EB7FB2400FF3890 /* SecondViewController.swift */,
				33F6910E1EB7FB2400FF3890 /* Main.storyboard */,
				33F691111EB7FB2400FF3890 /* Assets.xcassets */,
				33F691131EB7FB2400FF3890 /* LaunchScreen.storyboard */,
				33F691161EB7FB2400FF3890 /* Info.plist */,
			);
			path = "Event Swipe";
			sourceTree = "<group>";
		};
		33F6911E1EB8188A00FF3890 /* View Controllers */ = {
			isa = PBXGroup;
			children = (
				33F6911C1EB8188400FF3890 /* EventsViewController.swift */,
			);
			name = "View Controllers";
			sourceTree = "<group>";
		};
		33F6911F1EB8189300FF3890 /* Models */ = {
			isa = PBXGroup;
			children = (
				33FCB6EC1EC15CB1002704A2 /* Event.swift */,
			);
			name = Models;
			sourceTree = "<group>";
		};
		33F691201EB81E8600FF3890 /* Views */ = {
			isa = PBXGroup;
			children = (
				33F691211EB81F0900FF3890 /* DraggableView.swift */,
				33F691231EB81F1D00FF3890 /* OverlayView.swift */,
				33F691281EB8275400FF3890 /* CardView.swift */,
			);
			name = Views;
			sourceTree = "<group>";
		};
		33F691251EB81F7F00FF3890 /* Delegates */ = {
			isa = PBXGroup;
			children = (
				33F691261EB81F9B00FF3890 /* DraggableViewDelegate.swift */,
			);
			name = Delegates;
			sourceTree = "<group>";
		};
		33F6912A1EB8283600FF3890 /* Media */ = {
			isa = PBXGroup;
			children = (
				33F6912B1EB8283D00FF3890 /* Images */,
			);
			name = Media;
			sourceTree = "<group>";
		};
		33F6912B1EB8283D00FF3890 /* Images */ = {
			isa = PBXGroup;
			children = (
				33F6912C1EB8284400FF3890 /* Buttons */,
			);
			name = Images;
			sourceTree = "<group>";
		};
		33F6912C1EB8284400FF3890 /* Buttons */ = {
			isa = PBXGroup;
			children = (
				33F6912D1EB8284F00FF3890 /* saveButton.png */,
				33F6912F1EB8285800FF3890 /* dismissButton.png */,
			);
			name = Buttons;
			sourceTree = "<group>";
		};
/* End PBXGroup section */

/* Begin PBXNativeTarget section */
		33F691041EB7FB2400FF3890 /* Event Swipe */ = {
			isa = PBXNativeTarget;
			buildConfigurationList = 33F691191EB7FB2400FF3890 /* Build configuration list for PBXNativeTarget "Event Swipe" */;
			buildPhases = (
				33F691011EB7FB2400FF3890 /* Sources */,
				33F691021EB7FB2400FF3890 /* Frameworks */,
				33F691031EB7FB2400FF3890 /* Resources */,
			);
			buildRules = (
			);
			dependencies = (
			);
			name = "Event Swipe";
			productName = "Event Swipe";
			productReference = 33F691051EB7FB2400FF3890 /* Event Swipe.app */;
			productType = "com.apple.product-type.application";
		};
/* End PBXNativeTarget section */

/* Begin PBXProject section */
		33F690FD1EB7FB2400FF3890 /* Project object */ = {
			isa = PBXProject;
			attributes = {
				LastSwiftUpdateCheck = 0830;
				LastUpgradeCheck = 0830;
				ORGANIZATIONNAME = "Erick Sauri";
				TargetAttributes = {
					33F691041EB7FB2400FF3890 = {
						CreatedOnToolsVersion = 8.3.2;
						DevelopmentTeam = FT5TU5KEM8;
						ProvisioningStyle = Automatic;
					};
				};
			};
			buildConfigurationList = 33F691001EB7FB2400FF3890 /* Build configuration list for PBXProject "Event Swipe" */;
			compatibilityVersion = "Xcode 3.2";
			developmentRegion = English;
			hasScannedForEncodings = 0;
			knownRegions = (
				en,
				Base,
			);
			mainGroup = 33F690FC1EB7FB2400FF3890;
			productRefGroup = 33F691061EB7FB2400FF3890 /* Products */;
			projectDirPath = "";
			projectRoot = "";
			targets = (
				33F691041EB7FB2400FF3890 /* Event Swipe */,
			);
		};
/* End PBXProject section */

/* Begin PBXResourcesBuildPhase section */
		33F691031EB7FB2400FF3890 /* Resources */ = {
			isa = PBXResourcesBuildPhase;
			buildActionMask = 2147483647;
			files = (
				33F6912E1EB8284F00FF3890 /* saveButton.png in Resources */,
				33F691151EB7FB2400FF3890 /* LaunchScreen.storyboard in Resources */,
				33F691121EB7FB2400FF3890 /* Assets.xcassets in Resources */,
				33F691101EB7FB2400FF3890 /* Main.storyboard in Resources */,
				33F691301EB8285800FF3890 /* dismissButton.png in Resources */,
			);
			runOnlyForDeploymentPostprocessing = 0;
		};
/* End PBXResourcesBuildPhase section */

/* Begin PBXSourcesBuildPhase section */
		33F691011EB7FB2400FF3890 /* Sources */ = {
			isa = PBXSourcesBuildPhase;
			buildActionMask = 2147483647;
			files = (
				33FCB6ED1EC15CB1002704A2 /* Event.swift in Sources */,
				33F691291EB8275400FF3890 /* CardView.swift in Sources */,
				33F6910D1EB7FB2400FF3890 /* SecondViewController.swift in Sources */,
				33F6911D1EB8188400FF3890 /* EventsViewController.swift in Sources */,
				33F691221EB81F0900FF3890 /* DraggableView.swift in Sources */,
				33F691271EB81F9B00FF3890 /* DraggableViewDelegate.swift in Sources */,
				33F691091EB7FB2400FF3890 /* AppDelegate.swift in Sources */,
				33F691241EB81F1D00FF3890 /* OverlayView.swift in Sources */,
			);
			runOnlyForDeploymentPostprocessing = 0;
		};
/* End PBXSourcesBuildPhase section */

/* Begin PBXVariantGroup section */
		33F6910E1EB7FB2400FF3890 /* Main.storyboard */ = {
			isa = PBXVariantGroup;
			children = (
				33F6910F1EB7FB2400FF3890 /* Base */,
			);
			name = Main.storyboard;
			sourceTree = "<group>";
		};
		33F691131EB7FB2400FF3890 /* LaunchScreen.storyboard */ = {
			isa = PBXVariantGroup;
			children = (
				33F691141EB7FB2400FF3890 /* Base */,
			);
			name = LaunchScreen.storyboard;
			sourceTree = "<group>";
		};
/* End PBXVariantGroup section */

/* Begin XCBuildConfiguration section */
		33F691171EB7FB2400FF3890 /* Debug */ = {
			isa = XCBuildConfiguration;
			buildSettings = {
				ALWAYS_SEARCH_USER_PATHS = NO;
				CLANG_ANALYZER_NONNULL = YES;
				CLANG_ANALYZER_NUMBER_OBJECT_CONVERSION = YES_AGGRESSIVE;
				CLANG_CXX_LANGUAGE_STANDARD = "gnu++0x";
				CLANG_CXX_LIBRARY = "libc++";
				CLANG_ENABLE_MODULES = YES;
				CLANG_ENABLE_OBJC_ARC = YES;
				CLANG_WARN_BOOL_CONVERSION = YES;
				CLANG_WARN_CONSTANT_CONVERSION = YES;
				CLANG_WARN_DIRECT_OBJC_ISA_USAGE = YES_ERROR;
				CLANG_WARN_DOCUMENTATION_COMMENTS = YES;
				CLANG_WARN_EMPTY_BODY = YES;
				CLANG_WARN_ENUM_CONVERSION = YES;
				CLANG_WARN_INFINITE_RECURSION = YES;
				CLANG_WARN_INT_CONVERSION = YES;
				CLANG_WARN_OBJC_ROOT_CLASS = YES_ERROR;
				CLANG_WARN_SUSPICIOUS_MOVE = YES;
				CLANG_WARN_UNREACHABLE_CODE = YES;
				CLANG_WARN__DUPLICATE_METHOD_MATCH = YES;
				"CODE_SIGN_IDENTITY[sdk=iphoneos*]" = "iPhone Developer";
				COPY_PHASE_STRIP = NO;
				DEBUG_INFORMATION_FORMAT = dwarf;
				ENABLE_STRICT_OBJC_MSGSEND = YES;
				ENABLE_TESTABILITY = YES;
				GCC_C_LANGUAGE_STANDARD = gnu99;
				GCC_DYNAMIC_NO_PIC = NO;
				GCC_NO_COMMON_BLOCKS = YES;
				GCC_OPTIMIZATION_LEVEL = 0;
				GCC_PREPROCESSOR_DEFINITIONS = (
					"DEBUG=1",
					"$(inherited)",
				);
				GCC_WARN_64_TO_32_BIT_CONVERSION = YES;
				GCC_WARN_ABOUT_RETURN_TYPE = YES_ERROR;
				GCC_WARN_UNDECLARED_SELECTOR = YES;
				GCC_WARN_UNINITIALIZED_AUTOS = YES_AGGRESSIVE;
				GCC_WARN_UNUSED_FUNCTION = YES;
				GCC_WARN_UNUSED_VARIABLE = YES;
				IPHONEOS_DEPLOYMENT_TARGET = 10.3;
				MTL_ENABLE_DEBUG_INFO = YES;
				ONLY_ACTIVE_ARCH = YES;
				SDKROOT = iphoneos;
				SWIFT_ACTIVE_COMPILATION_CONDITIONS = DEBUG;
				SWIFT_OPTIMIZATION_LEVEL = "-Onone";
				TARGETED_DEVICE_FAMILY = "1,2";
			};
			name = Debug;
		};
		33F691181EB7FB2400FF3890 /* Release */ = {
			isa = XCBuildConfiguration;
			buildSettings = {
				ALWAYS_SEARCH_USER_PATHS = NO;
				CLANG_ANALYZER_NONNULL = YES;
				CLANG_ANALYZER_NUMBER_OBJECT_CONVERSION = YES_AGGRESSIVE;
				CLANG_CXX_LANGUAGE_STANDARD = "gnu++0x";
				CLANG_CXX_LIBRARY = "libc++";
				CLANG_ENABLE_MODULES = YES;
				CLANG_ENABLE_OBJC_ARC = YES;
				CLANG_WARN_BOOL_CONVERSION = YES;
				CLANG_WARN_CONSTANT_CONVERSION = YES;
				CLANG_WARN_DIRECT_OBJC_ISA_USAGE = YES_ERROR;
				CLANG_WARN_DOCUMENTATION_COMMENTS = YES;
				CLANG_WARN_EMPTY_BODY = YES;
				CLANG_WARN_ENUM_CONVERSION = YES;
				CLANG_WARN_INFINITE_RECURSION = YES;
				CLANG_WARN_INT_CONVERSION = YES;
				CLANG_WARN_OBJC_ROOT_CLASS = YES_ERROR;
				CLANG_WARN_SUSPICIOUS_MOVE = YES;
				CLANG_WARN_UNREACHABLE_CODE = YES;
				CLANG_WARN__DUPLICATE_METHOD_MATCH = YES;
				"CODE_SIGN_IDENTITY[sdk=iphoneos*]" = "iPhone Developer";
				COPY_PHASE_STRIP = NO;
				DEBUG_INFORMATION_FORMAT = "dwarf-with-dsym";
				ENABLE_NS_ASSERTIONS = NO;
				ENABLE_STRICT_OBJC_MSGSEND = YES;
				GCC_C_LANGUAGE_STANDARD = gnu99;
				GCC_NO_COMMON_BLOCKS = YES;
				GCC_WARN_64_TO_32_BIT_CONVERSION = YES;
				GCC_WARN_ABOUT_RETURN_TYPE = YES_ERROR;
				GCC_WARN_UNDECLARED_SELECTOR = YES;
				GCC_WARN_UNINITIALIZED_AUTOS = YES_AGGRESSIVE;
				GCC_WARN_UNUSED_FUNCTION = YES;
				GCC_WARN_UNUSED_VARIABLE = YES;
				IPHONEOS_DEPLOYMENT_TARGET = 10.3;
				MTL_ENABLE_DEBUG_INFO = NO;
				SDKROOT = iphoneos;
				SWIFT_OPTIMIZATION_LEVEL = "-Owholemodule";
				TARGETED_DEVICE_FAMILY = "1,2";
				VALIDATE_PRODUCT = YES;
			};
			name = Release;
		};
		33F6911A1EB7FB2400FF3890 /* Debug */ = {
			isa = XCBuildConfiguration;
			buildSettings = {
				ASSETCATALOG_COMPILER_APPICON_NAME = AppIcon;
				DEVELOPMENT_TEAM = FT5TU5KEM8;
				INFOPLIST_FILE = "Event Swipe/Info.plist";
				LD_RUNPATH_SEARCH_PATHS = "$(inherited) @executable_path/Frameworks";
				PRODUCT_BUNDLE_IDENTIFIER = "ericksauri.Event-Swipe";
				PRODUCT_NAME = "$(TARGET_NAME)";
				SWIFT_VERSION = 3.0;
			};
			name = Debug;
		};
		33F6911B1EB7FB2400FF3890 /* Release */ = {
			isa = XCBuildConfiguration;
			buildSettings = {
				ASSETCATALOG_COMPILER_APPICON_NAME = AppIcon;
				DEVELOPMENT_TEAM = FT5TU5KEM8;
				INFOPLIST_FILE = "Event Swipe/Info.plist";
				LD_RUNPATH_SEARCH_PATHS = "$(inherited) @executable_path/Frameworks";
				PRODUCT_BUNDLE_IDENTIFIER = "ericksauri.Event-Swipe";
				PRODUCT_NAME = "$(TARGET_NAME)";
				SWIFT_VERSION = 3.0;
			};
			name = Release;
		};
/* End XCBuildConfiguration section */

/* Begin XCConfigurationList section */
		33F691001EB7FB2400FF3890 /* Build configuration list for PBXProject "Event Swipe" */ = {
			isa = XCConfigurationList;
			buildConfigurations = (
				33F691171EB7FB2400FF3890 /* Debug */,
				33F691181EB7FB2400FF3890 /* Release */,
			);
			defaultConfigurationIsVisible = 0;
			defaultConfigurationName = Release;
		};
		33F691191EB7FB2400FF3890 /* Build configuration list for PBXNativeTarget "Event Swipe" */ = {
			isa = XCConfigurationList;
			buildConfigurations = (
				33F6911A1EB7FB2400FF3890 /* Debug */,
				33F6911B1EB7FB2400FF3890 /* Release */,
			);
			defaultConfigurationIsVisible = 0;
			defaultConfigurationName = Release;
		};
/* End XCConfigurationList section */
	};
	rootObject = 33F690FD1EB7FB2400FF3890 /* Project object */;
}
